
Microsoft Visual Studio Solution File, Format Version 12.00
# Visual Studio Version 16
VisualStudioVersion = 16.0.29424.173
MinimumVisualStudioVersion = 10.0.40219.1
Project("{FAE04EC0-301F-11D3-BF4B-00C04F79EFBC}") = "TChapter", "TChapter\TChapter.csproj", "{D3EFF606-0562-45E4-8E0B-1DF967220A9B}"
EndProject
Project("{FAE04EC0-301F-11D3-BF4B-00C04F79EFBC}") = "TChapter.Test", "TChapter.Test\TChapter.Test.csproj", "{1F11D45F-BC18-41BF-9C47-6300B9909207}"
EndProject
Global
	GlobalSection(SolutionConfigurationPlatforms) = preSolution
		Debug|Any CPU = Debug|Any CPU
		Release|Any CPU = Release|Any CPU
	EndGlobalSection
	GlobalSection(ProjectConfigurationPlatforms) = postSolution
		{D3EFF606-0562-45E4-8E0B-1DF967220A9B}.Debug|Any CPU.ActiveCfg = Debug|Any CPU
		{D3EFF606-0562-45E4-8E0B-1DF967220A9B}.Debug|Any CPU.Build.0 = Debug|Any CPU
		{D3EFF606-0562-45E4-8E0B-1DF967220A9B}.Release|Any CPU.ActiveCfg = Release|Any CPU
		{D3EFF606-0562-45E4-8E0B-1DF967220A9B}.Release|Any CPU.Build.0 = Release|Any CPU
		{1F11D45F-BC18-41BF-9C47-6300B9909207}.Debug|Any CPU.ActiveCfg = Debug|Any CPU
		{1F11D45F-BC18-41BF-9C47-6300B9909207}.Debug|Any CPU.Build.0 = Debug|Any CPU
		{1F11D45F-BC18-41BF-9C47-6300B9909207}.Release|Any CPU.ActiveCfg = Release|Any CPU
		{1F11D45F-BC18-41BF-9C47-6300B9909207}.Release|Any CPU.Build.0 = Release|Any CPU
	EndGlobalSection
	GlobalSection(SolutionProperties) = preSolution
		HideSolutionNode = FALSE
	EndGlobalSection
	GlobalSection(ExtensibilityGlobals) = postSolution
		SolutionGuid = {80CCDA84-FCA3-43EF-964C-9BC141883399}
	EndGlobalSection
EndGlobal
